
Microsoft Visual Studio Solution File, Format Version 12.00
# Visual Studio 15
VisualStudioVersion = 15.0.28307.902
MinimumVisualStudioVersion = 10.0.40219.1
Project("{FAE04EC0-301F-11D3-BF4B-00C04F79EFBC}") = "Calculator", "Calculator\Calculator.csproj", "{48AC39F3-661D-49B0-88C0-A6BAC3771E2C}"
EndProject
Global
	GlobalSection(SolutionConfigurationPlatforms) = preSolution
		Debug|Any CPU = Debug|Any CPU
		Release|Any CPU = Release|Any CPU
	EndGlobalSection
	GlobalSection(ProjectConfigurationPlatforms) = postSolution
		{48AC39F3-661D-49B0-88C0-A6BAC3771E2C}.Debug|Any CPU.ActiveCfg = Debug|Any CPU
		{48AC39F3-661D-49B0-88C0-A6BAC3771E2C}.Debug|Any CPU.Build.0 = Debug|Any CPU
		{48AC39F3-661D-49B0-88C0-A6BAC3771E2C}.Release|Any CPU.ActiveCfg = Release|Any CPU
		{48AC39F3-661D-49B0-88C0-A6BAC3771E2C}.Release|Any CPU.Build.0 = Release|Any CPU
	EndGlobalSection
	GlobalSection(SolutionProperties) = preSolution
		HideSolutionNode = FALSE
	EndGlobalSection
	GlobalSection(ExtensibilityGlobals) = postSolution
		SolutionGuid = {A3D6E22C-B8A7-46F2-BF1A-9E2FACF89BDD}
	EndGlobalSection
EndGlobal
